
Microsoft Visual Studio Solution File, Format Version 12.00
# Visual Studio Version 17
VisualStudioVersion = 17.10.35122.118
MinimumVisualStudioVersion = 10.0.40219.1
Project("{FAE04EC0-301F-11D3-BF4B-00C04F79EFBC}") = "OldKeyPadPhone", "OldKeyPadPhone\OldKeyPadPhone.csproj", "{936C3ABB-2DD4-405F-9BF8-CB230D5DF679}"
EndProject
Global
	GlobalSection(SolutionConfigurationPlatforms) = preSolution
		Debug|Any CPU = Debug|Any CPU
		Release|Any CPU = Release|Any CPU
	EndGlobalSection
	GlobalSection(ProjectConfigurationPlatforms) = postSolution
		{936C3ABB-2DD4-405F-9BF8-CB230D5DF679}.Debug|Any CPU.ActiveCfg = Debug|Any CPU
		{936C3ABB-2DD4-405F-9BF8-CB230D5DF679}.Debug|Any CPU.Build.0 = Debug|Any CPU
		{936C3ABB-2DD4-405F-9BF8-CB230D5DF679}.Release|Any CPU.ActiveCfg = Release|Any CPU
		{936C3ABB-2DD4-405F-9BF8-CB230D5DF679}.Release|Any CPU.Build.0 = Release|Any CPU
	EndGlobalSection
	GlobalSection(SolutionProperties) = preSolution
		HideSolutionNode = FALSE
	EndGlobalSection
	GlobalSection(ExtensibilityGlobals) = postSolution
		SolutionGuid = {4B5F1A92-11EF-4AAA-8F5E-D6F77FD6AB3D}
	EndGlobalSection
EndGlobal
